
Microsoft Visual Studio Solution File, Format Version 12.00
# Visual Studio Version 17
VisualStudioVersion = 17.0.31912.275
MinimumVisualStudioVersion = 10.0.40219.1
Project("{FAE04EC0-301F-11D3-BF4B-00C04F79EFBC}") = "Program_22", "Program_22\Program_22.csproj", "{01FC3D76-A85D-4A03-8FE1-CC86A5A7B025}"
EndProject
Global
	GlobalSection(SolutionConfigurationPlatforms) = preSolution
		Debug|Any CPU = Debug|Any CPU
		Release|Any CPU = Release|Any CPU
	EndGlobalSection
	GlobalSection(ProjectConfigurationPlatforms) = postSolution
		{01FC3D76-A85D-4A03-8FE1-CC86A5A7B025}.Debug|Any CPU.ActiveCfg = Debug|Any CPU
		{01FC3D76-A85D-4A03-8FE1-CC86A5A7B025}.Debug|Any CPU.Build.0 = Debug|Any CPU
		{01FC3D76-A85D-4A03-8FE1-CC86A5A7B025}.Release|Any CPU.ActiveCfg = Release|Any CPU
		{01FC3D76-A85D-4A03-8FE1-CC86A5A7B025}.Release|Any CPU.Build.0 = Release|Any CPU
	EndGlobalSection
	GlobalSection(SolutionProperties) = preSolution
		HideSolutionNode = FALSE
	EndGlobalSection
	GlobalSection(ExtensibilityGlobals) = postSolution
		SolutionGuid = {2E7D56B1-7B02-4DE1-9129-4A007B560773}
	EndGlobalSection
EndGlobal
